
Microsoft Visual Studio Solution File, Format Version 12.00
# Visual Studio Version 16
VisualStudioVersion = 16.0.30114.105
MinimumVisualStudioVersion = 10.0.40219.1
Project("{2150E333-8FDC-42A3-9474-1A3956D46DE8}") = "src", "src", "{5F972D62-C90A-4C32-B2E4-AC61C57C28EF}"
EndProject
Project("{FAE04EC0-301F-11D3-BF4B-00C04F79EFBC}") = "jahndigital.studentbank.server", "src\jahndigital.studentbank.server\jahndigital.studentbank.server.csproj", "{249C3674-36AF-4180-BE13-2F3C543B5D53}"
EndProject
Project("{FAE04EC0-301F-11D3-BF4B-00C04F79EFBC}") = "Domain", "src\Domain\Domain.csproj", "{5F4C4485-EAB0-4FF2-B4AE-5013E3810023}"
EndProject
Project("{FAE04EC0-301F-11D3-BF4B-00C04F79EFBC}") = "Application", "src\Application\Application.csproj", "{3AE1F79B-D948-4071-9420-442AA0190B4A}"
EndProject
Project("{FAE04EC0-301F-11D3-BF4B-00C04F79EFBC}") = "Infrastructure", "src\Infrastructure\Infrastructure.csproj", "{F58E71D3-1860-4DB8-A9D0-EDE6820B581F}"
EndProject
Global
	GlobalSection(SolutionConfigurationPlatforms) = preSolution
		Debug|Any CPU = Debug|Any CPU
		Release|Any CPU = Release|Any CPU
	EndGlobalSection
	GlobalSection(SolutionProperties) = preSolution
		HideSolutionNode = FALSE
	EndGlobalSection
	GlobalSection(ProjectConfigurationPlatforms) = postSolution
		{249C3674-36AF-4180-BE13-2F3C543B5D53}.Debug|Any CPU.ActiveCfg = Debug|Any CPU
		{249C3674-36AF-4180-BE13-2F3C543B5D53}.Debug|Any CPU.Build.0 = Debug|Any CPU
		{249C3674-36AF-4180-BE13-2F3C543B5D53}.Release|Any CPU.ActiveCfg = Release|Any CPU
		{249C3674-36AF-4180-BE13-2F3C543B5D53}.Release|Any CPU.Build.0 = Release|Any CPU
		{5F4C4485-EAB0-4FF2-B4AE-5013E3810023}.Debug|Any CPU.ActiveCfg = Debug|Any CPU
		{5F4C4485-EAB0-4FF2-B4AE-5013E3810023}.Debug|Any CPU.Build.0 = Debug|Any CPU
		{5F4C4485-EAB0-4FF2-B4AE-5013E3810023}.Release|Any CPU.ActiveCfg = Release|Any CPU
		{5F4C4485-EAB0-4FF2-B4AE-5013E3810023}.Release|Any CPU.Build.0 = Release|Any CPU
		{3AE1F79B-D948-4071-9420-442AA0190B4A}.Debug|Any CPU.ActiveCfg = Debug|Any CPU
		{3AE1F79B-D948-4071-9420-442AA0190B4A}.Debug|Any CPU.Build.0 = Debug|Any CPU
		{3AE1F79B-D948-4071-9420-442AA0190B4A}.Release|Any CPU.ActiveCfg = Release|Any CPU
		{3AE1F79B-D948-4071-9420-442AA0190B4A}.Release|Any CPU.Build.0 = Release|Any CPU
		{F58E71D3-1860-4DB8-A9D0-EDE6820B581F}.Debug|Any CPU.ActiveCfg = Debug|Any CPU
		{F58E71D3-1860-4DB8-A9D0-EDE6820B581F}.Debug|Any CPU.Build.0 = Debug|Any CPU
		{F58E71D3-1860-4DB8-A9D0-EDE6820B581F}.Release|Any CPU.ActiveCfg = Release|Any CPU
		{F58E71D3-1860-4DB8-A9D0-EDE6820B581F}.Release|Any CPU.Build.0 = Release|Any CPU
	EndGlobalSection
	GlobalSection(NestedProjects) = preSolution
		{249C3674-36AF-4180-BE13-2F3C543B5D53} = {5F972D62-C90A-4C32-B2E4-AC61C57C28EF}
		{5F4C4485-EAB0-4FF2-B4AE-5013E3810023} = {5F972D62-C90A-4C32-B2E4-AC61C57C28EF}
		{3AE1F79B-D948-4071-9420-442AA0190B4A} = {5F972D62-C90A-4C32-B2E4-AC61C57C28EF}
		{F58E71D3-1860-4DB8-A9D0-EDE6820B581F} = {5F972D62-C90A-4C32-B2E4-AC61C57C28EF}
	EndGlobalSection
EndGlobal
