
Microsoft Visual Studio Solution File, Format Version 12.00
# Visual Studio Version 16
VisualStudioVersion = 16.0.30114.105
MinimumVisualStudioVersion = 10.0.40219.1
Project("{2150E333-8FDC-42A3-9474-1A3956D46DE8}") = "src", "src", "{5F972D62-C90A-4C32-B2E4-AC61C57C28EF}"
EndProject
Project("{FAE04EC0-301F-11D3-BF4B-00C04F79EFBC}") = "jahndigital.studentbank.dal", "src\jahndigital.studentbank.dal\jahndigital.studentbank.dal.csproj", "{71CF678C-AB4A-4F06-A792-2601394CA32D}"
EndProject
Project("{FAE04EC0-301F-11D3-BF4B-00C04F79EFBC}") = "jahndigital.studentbank.server", "src\jahndigital.studentbank.server\jahndigital.studentbank.server.csproj", "{249C3674-36AF-4180-BE13-2F3C543B5D53}"
EndProject
Project("{FAE04EC0-301F-11D3-BF4B-00C04F79EFBC}") = "jahndigital.studentbank.services", "src\jahndigital.studentbank.services\jahndigital.studentbank.services.csproj", "{140B015A-8A46-45C6-A562-B87D36FBCAD2}"
EndProject
Project("{FAE04EC0-301F-11D3-BF4B-00C04F79EFBC}") = "jahndigital.studentbank.utils", "src\jahndigital.studentbank.utils\jahndigital.studentbank.utils.csproj", "{30697115-2E8C-482C-9F5D-DFC6208D0DE6}"
EndProject
Global
	GlobalSection(SolutionConfigurationPlatforms) = preSolution
		Debug|Any CPU = Debug|Any CPU
		Release|Any CPU = Release|Any CPU
	EndGlobalSection
	GlobalSection(SolutionProperties) = preSolution
		HideSolutionNode = FALSE
	EndGlobalSection
	GlobalSection(ProjectConfigurationPlatforms) = postSolution
		{71CF678C-AB4A-4F06-A792-2601394CA32D}.Debug|Any CPU.ActiveCfg = Debug|Any CPU
		{71CF678C-AB4A-4F06-A792-2601394CA32D}.Debug|Any CPU.Build.0 = Debug|Any CPU
		{71CF678C-AB4A-4F06-A792-2601394CA32D}.Release|Any CPU.ActiveCfg = Release|Any CPU
		{71CF678C-AB4A-4F06-A792-2601394CA32D}.Release|Any CPU.Build.0 = Release|Any CPU
		{249C3674-36AF-4180-BE13-2F3C543B5D53}.Debug|Any CPU.ActiveCfg = Debug|Any CPU
		{249C3674-36AF-4180-BE13-2F3C543B5D53}.Debug|Any CPU.Build.0 = Debug|Any CPU
		{249C3674-36AF-4180-BE13-2F3C543B5D53}.Release|Any CPU.ActiveCfg = Release|Any CPU
		{249C3674-36AF-4180-BE13-2F3C543B5D53}.Release|Any CPU.Build.0 = Release|Any CPU
		{140B015A-8A46-45C6-A562-B87D36FBCAD2}.Debug|Any CPU.ActiveCfg = Debug|Any CPU
		{140B015A-8A46-45C6-A562-B87D36FBCAD2}.Debug|Any CPU.Build.0 = Debug|Any CPU
		{140B015A-8A46-45C6-A562-B87D36FBCAD2}.Release|Any CPU.ActiveCfg = Release|Any CPU
		{140B015A-8A46-45C6-A562-B87D36FBCAD2}.Release|Any CPU.Build.0 = Release|Any CPU
		{30697115-2E8C-482C-9F5D-DFC6208D0DE6}.Debug|Any CPU.ActiveCfg = Debug|Any CPU
		{30697115-2E8C-482C-9F5D-DFC6208D0DE6}.Debug|Any CPU.Build.0 = Debug|Any CPU
		{30697115-2E8C-482C-9F5D-DFC6208D0DE6}.Release|Any CPU.ActiveCfg = Release|Any CPU
		{30697115-2E8C-482C-9F5D-DFC6208D0DE6}.Release|Any CPU.Build.0 = Release|Any CPU
	EndGlobalSection
	GlobalSection(NestedProjects) = preSolution
		{71CF678C-AB4A-4F06-A792-2601394CA32D} = {5F972D62-C90A-4C32-B2E4-AC61C57C28EF}
		{249C3674-36AF-4180-BE13-2F3C543B5D53} = {5F972D62-C90A-4C32-B2E4-AC61C57C28EF}
		{140B015A-8A46-45C6-A562-B87D36FBCAD2} = {5F972D62-C90A-4C32-B2E4-AC61C57C28EF}
		{30697115-2E8C-482C-9F5D-DFC6208D0DE6} = {5F972D62-C90A-4C32-B2E4-AC61C57C28EF}
	EndGlobalSection
EndGlobal
